// !$*UTF8*$!
{
	archiveVersion = 1;
	classes = {
	};
	objectVersion = 46;
	objects = {

/* Begin PBXBuildFile section */
		2032EC671EC48BF8006B69D2 /* AppDelegate.swift in Sources */ = {isa = PBXBuildFile; fileRef = 2032EC661EC48BF8006B69D2 /* AppDelegate.swift */; };
		2032EC691EC48BF8006B69D2 /* RootViewController.swift in Sources */ = {isa = PBXBuildFile; fileRef = 2032EC681EC48BF8006B69D2 /* RootViewController.swift */; };
		2032EC6B1EC48BF8006B69D2 /* DataViewController.swift in Sources */ = {isa = PBXBuildFile; fileRef = 2032EC6A1EC48BF8006B69D2 /* DataViewController.swift */; };
		2032EC6D1EC48BF8006B69D2 /* ModelController.swift in Sources */ = {isa = PBXBuildFile; fileRef = 2032EC6C1EC48BF8006B69D2 /* ModelController.swift */; };
		2032EC701EC48BF8006B69D2 /* Main.storyboard in Resources */ = {isa = PBXBuildFile; fileRef = 2032EC6E1EC48BF8006B69D2 /* Main.storyboard */; };
		2032EC721EC48BF8006B69D2 /* Assets.xcassets in Resources */ = {isa = PBXBuildFile; fileRef = 2032EC711EC48BF8006B69D2 /* Assets.xcassets */; };
		2032EC751EC48BF8006B69D2 /* LaunchScreen.storyboard in Resources */ = {isa = PBXBuildFile; fileRef = 2032EC731EC48BF8006B69D2 /* LaunchScreen.storyboard */; };
		2032EC801EC48BF8006B69D2 /* TestTests.swift in Sources */ = {isa = PBXBuildFile; fileRef = 2032EC7F1EC48BF8006B69D2 /* TestTests.swift */; };
		2032EC8B1EC48BF8006B69D2 /* TestUITests.swift in Sources */ = {isa = PBXBuildFile; fileRef = 2032EC8A1EC48BF8006B69D2 /* TestUITests.swift */; };
/* End PBXBuildFile section */

/* Begin PBXContainerItemProxy section */
		2032EC7C1EC48BF8006B69D2 /* PBXContainerItemProxy */ = {
			isa = PBXContainerItemProxy;
			containerPortal = 2032EC5B1EC48BF8006B69D2 /* Project object */;
			proxyType = 1;
			remoteGlobalIDString = 2032EC621EC48BF8006B69D2;
			remoteInfo = Test;
		};
		2032EC871EC48BF8006B69D2 /* PBXContainerItemProxy */ = {
			isa = PBXContainerItemProxy;
			containerPortal = 2032EC5B1EC48BF8006B69D2 /* Project object */;
			proxyType = 1;
			remoteGlobalIDString = 2032EC621EC48BF8006B69D2;
			remoteInfo = Test;
		};
/* End PBXContainerItemProxy section */

/* Begin PBXFileReference section */
		2032EC631EC48BF8006B69D2 /* Test.app */ = {isa = PBXFileReference; explicitFileType = wrapper.application; includeInIndex = 0; path = Test.app; sourceTree = BUILT_PRODUCTS_DIR; };
		2032EC661EC48BF8006B69D2 /* AppDelegate.swift */ = {isa = PBXFileReference; lastKnownFileType = sourcecode.swift; path = AppDelegate.swift; sourceTree = "<group>"; };
		2032EC681EC48BF8006B69D2 /* RootViewController.swift */ = {isa = PBXFileReference; lastKnownFileType = sourcecode.swift; path = RootViewController.swift; sourceTree = "<group>"; };
		2032EC6A1EC48BF8006B69D2 /* DataViewController.swift */ = {isa = PBXFileReference; lastKnownFileType = sourcecode.swift; path = DataViewController.swift; sourceTree = "<group>"; };
		2032EC6C1EC48BF8006B69D2 /* ModelController.swift */ = {isa = PBXFileReference; lastKnownFileType = sourcecode.swift; path = ModelController.swift; sourceTree = "<group>"; };
		2032EC6F1EC48BF8006B69D2 /* Base */ = {isa = PBXFileReference; lastKnownFileType = file.storyboard; name = Base; path = Base.lproj/Main.storyboard; sourceTree = "<group>"; };
		2032EC711EC48BF8006B69D2 /* Assets.xcassets */ = {isa = PBXFileReference; lastKnownFileType = folder.assetcatalog; path = Assets.xcassets; sourceTree = "<group>"; };
		2032EC741EC48BF8006B69D2 /* Base */ = {isa = PBXFileReference; lastKnownFileType = file.storyboard; name = Base; path = Base.lproj/LaunchScreen.storyboard; sourceTree = "<group>"; };
		2032EC761EC48BF8006B69D2 /* Info.plist */ = {isa = PBXFileReference; lastKnownFileType = text.plist.xml; path = Info.plist; sourceTree = "<group>"; };
		2032EC7B1EC48BF8006B69D2 /* TestTests.xctest */ = {isa = PBXFileReference; explicitFileType = wrapper.cfbundle; includeInIndex = 0; path = TestTests.xctest; sourceTree = BUILT_PRODUCTS_DIR; };
		2032EC7F1EC48BF8006B69D2 /* TestTests.swift */ = {isa = PBXFileReference; lastKnownFileType = sourcecode.swift; path = TestTests.swift; sourceTree = "<group>"; };
		2032EC811EC48BF8006B69D2 /* Info.plist */ = {isa = PBXFileReference; lastKnownFileType = text.plist.xml; path = Info.plist; sourceTree = "<group>"; };
		2032EC861EC48BF8006B69D2 /* TestUITests.xctest */ = {isa = PBXFileReference; explicitFileType = wrapper.cfbundle; includeInIndex = 0; path = TestUITests.xctest; sourceTree = BUILT_PRODUCTS_DIR; };
		2032EC8A1EC48BF8006B69D2 /* TestUITests.swift */ = {isa = PBXFileReference; lastKnownFileType = sourcecode.swift; path = TestUITests.swift; sourceTree = "<group>"; };
		2032EC8C1EC48BF8006B69D2 /* Info.plist */ = {isa = PBXFileReference; lastKnownFileType = text.plist.xml; path = Info.plist; sourceTree = "<group>"; };
/* End PBXFileReference section */

/* Begin PBXFrameworksBuildPhase section */
		2032EC601EC48BF8006B69D2 /* Frameworks */ = {
			isa = PBXFrameworksBuildPhase;
			buildActionMask = 2147483647;
			files = (
			);
			runOnlyForDeploymentPostprocessing = 0;
		};
		2032EC781EC48BF8006B69D2 /* Frameworks */ = {
			isa = PBXFrameworksBuildPhase;
			buildActionMask = 2147483647;
			files = (
			);
			runOnlyForDeploymentPostprocessing = 0;
		};
		2032EC831EC48BF8006B69D2 /* Frameworks */ = {
			isa = PBXFrameworksBuildPhase;
			buildActionMask = 2147483647;
			files = (
			);
			runOnlyForDeploymentPostprocessing = 0;
		};
/* End PBXFrameworksBuildPhase section */

/* Begin PBXGroup section */
		2032EC5A1EC48BF8006B69D2 = {
			isa = PBXGroup;
			children = (
				2032EC651EC48BF8006B69D2 /* Test */,
				2032EC7E1EC48BF8006B69D2 /* TestTests */,
				2032EC891EC48BF8006B69D2 /* TestUITests */,
				2032EC641EC48BF8006B69D2 /* Products */,
			);
			sourceTree = "<group>";
		};
		2032EC641EC48BF8006B69D2 /* Products */ = {
			isa = PBXGroup;
			children = (
				2032EC631EC48BF8006B69D2 /* Test.app */,
				2032EC7B1EC48BF8006B69D2 /* TestTests.xctest */,
				2032EC861EC48BF8006B69D2 /* TestUITests.xctest */,
			);
			name = Products;
			sourceTree = "<group>";
		};
		2032EC651EC48BF8006B69D2 /* Test */ = {
			isa = PBXGroup;
			children = (
				2032EC661EC48BF8006B69D2 /* AppDelegate.swift */,
				2032EC681EC48BF8006B69D2 /* RootViewController.swift */,
				2032EC6A1EC48BF8006B69D2 /* DataViewController.swift */,
				2032EC6C1EC48BF8006B69D2 /* ModelController.swift */,
				2032EC6E1EC48BF8006B69D2 /* Main.storyboard */,
				2032EC711EC48BF8006B69D2 /* Assets.xcassets */,
				2032EC731EC48BF8006B69D2 /* LaunchScreen.storyboard */,
				2032EC761EC48BF8006B69D2 /* Info.plist */,
			);
			path = Test;
			sourceTree = "<group>";
		};
		2032EC7E1EC48BF8006B69D2 /* TestTests */ = {
			isa = PBXGroup;
			children = (
				2032EC7F1EC48BF8006B69D2 /* TestTests.swift */,
				2032EC811EC48BF8006B69D2 /* Info.plist */,
			);
			path = TestTests;
			sourceTree = "<group>";
		};
		2032EC891EC48BF8006B69D2 /* TestUITests */ = {
			isa = PBXGroup;
			children = (
				2032EC8A1EC48BF8006B69D2 /* TestUITests.swift */,
				2032EC8C1EC48BF8006B69D2 /* Info.plist */,
			);
			path = TestUITests;
			sourceTree = "<group>";
		};
/* End PBXGroup section */

/* Begin PBXNativeTarget section */
		2032EC621EC48BF8006B69D2 /* Test */ = {
			isa = PBXNativeTarget;
			buildConfigurationList = 2032EC8F1EC48BF8006B69D2 /* Build configuration list for PBXNativeTarget "Test" */;
			buildPhases = (
				2032EC5F1EC48BF8006B69D2 /* Sources */,
				2032EC601EC48BF8006B69D2 /* Frameworks */,
				2032EC611EC48BF8006B69D2 /* Resources */,
			);
			buildRules = (
			);
			dependencies = (
			);
			name = Test;
			productName = Test;
			productReference = 2032EC631EC48BF8006B69D2 /* Test.app */;
			productType = "com.apple.product-type.application";
		};
		2032EC7A1EC48BF8006B69D2 /* TestTests */ = {
			isa = PBXNativeTarget;
			buildConfigurationList = 2032EC921EC48BF8006B69D2 /* Build configuration list for PBXNativeTarget "TestTests" */;
			buildPhases = (
				2032EC771EC48BF8006B69D2 /* Sources */,
				2032EC781EC48BF8006B69D2 /* Frameworks */,
				2032EC791EC48BF8006B69D2 /* Resources */,
			);
			buildRules = (
			);
			dependencies = (
				2032EC7D1EC48BF8006B69D2 /* PBXTargetDependency */,
			);
			name = TestTests;
			productName = TestTests;
			productReference = 2032EC7B1EC48BF8006B69D2 /* TestTests.xctest */;
			productType = "com.apple.product-type.bundle.unit-test";
		};
		2032EC851EC48BF8006B69D2 /* TestUITests */ = {
			isa = PBXNativeTarget;
			buildConfigurationList = 2032EC951EC48BF8006B69D2 /* Build configuration list for PBXNativeTarget "TestUITests" */;
			buildPhases = (
				2032EC821EC48BF8006B69D2 /* Sources */,
				2032EC831EC48BF8006B69D2 /* Frameworks */,
				2032EC841EC48BF8006B69D2 /* Resources */,
			);
			buildRules = (
			);
			dependencies = (
				2032EC881EC48BF8006B69D2 /* PBXTargetDependency */,
			);
			name = TestUITests;
			productName = TestUITests;
			productReference = 2032EC861EC48BF8006B69D2 /* TestUITests.xctest */;
			productType = "com.apple.product-type.bundle.ui-testing";
		};
/* End PBXNativeTarget section */

/* Begin PBXProject section */
		2032EC5B1EC48BF8006B69D2 /* Project object */ = {
			isa = PBXProject;
			attributes = {
				LastSwiftUpdateCheck = 0830;
				LastUpgradeCheck = 0830;
				ORGANIZATIONNAME = "Мулярчук Константин";
				TargetAttributes = {
					2032EC621EC48BF8006B69D2 = {
						CreatedOnToolsVersion = 8.3.2;
						ProvisioningStyle = Automatic;
					};
					2032EC7A1EC48BF8006B69D2 = {
						CreatedOnToolsVersion = 8.3.2;
						ProvisioningStyle = Automatic;
						TestTargetID = 2032EC621EC48BF8006B69D2;
					};
					2032EC851EC48BF8006B69D2 = {
						CreatedOnToolsVersion = 8.3.2;
						ProvisioningStyle = Automatic;
						TestTargetID = 2032EC621EC48BF8006B69D2;
					};
				};
			};
			buildConfigurationList = 2032EC5E1EC48BF8006B69D2 /* Build configuration list for PBXProject "Test" */;
			compatibilityVersion = "Xcode 3.2";
			developmentRegion = English;
			hasScannedForEncodings = 0;
			knownRegions = (
				en,
				Base,
			);
			mainGroup = 2032EC5A1EC48BF8006B69D2;
			productRefGroup = 2032EC641EC48BF8006B69D2 /* Products */;
			projectDirPath = "";
			projectRoot = "";
			targets = (
				2032EC621EC48BF8006B69D2 /* Test */,
				2032EC7A1EC48BF8006B69D2 /* TestTests */,
				2032EC851EC48BF8006B69D2 /* TestUITests */,
			);
		};
/* End PBXProject section */

/* Begin PBXResourcesBuildPhase section */
		2032EC611EC48BF8006B69D2 /* Resources */ = {
			isa = PBXResourcesBuildPhase;
			buildActionMask = 2147483647;
			files = (
				2032EC751EC48BF8006B69D2 /* LaunchScreen.storyboard in Resources */,
				2032EC721EC48BF8006B69D2 /* Assets.xcassets in Resources */,
				2032EC701EC48BF8006B69D2 /* Main.storyboard in Resources */,
			);
			runOnlyForDeploymentPostprocessing = 0;
		};
		2032EC791EC48BF8006B69D2 /* Resources */ = {
			isa = PBXResourcesBuildPhase;
			buildActionMask = 2147483647;
			files = (
			);
			runOnlyForDeploymentPostprocessing = 0;
		};
		2032EC841EC48BF8006B69D2 /* Resources */ = {
			isa = PBXResourcesBuildPhase;
			buildActionMask = 2147483647;
			files = (
			);
			runOnlyForDeploymentPostprocessing = 0;
		};
/* End PBXResourcesBuildPhase section */

/* Begin PBXSourcesBuildPhase section */
		2032EC5F1EC48BF8006B69D2 /* Sources */ = {
			isa = PBXSourcesBuildPhase;
			buildActionMask = 2147483647;
			files = (
				2032EC691EC48BF8006B69D2 /* RootViewController.swift in Sources */,
				2032EC6D1EC48BF8006B69D2 /* ModelController.swift in Sources */,
				2032EC6B1EC48BF8006B69D2 /* DataViewController.swift in Sources */,
				2032EC671EC48BF8006B69D2 /* AppDelegate.swift in Sources */,
			);
			runOnlyForDeploymentPostprocessing = 0;
		};
		2032EC771EC48BF8006B69D2 /* Sources */ = {
			isa = PBXSourcesBuildPhase;
			buildActionMask = 2147483647;
			files = (
				2032EC801EC48BF8006B69D2 /* TestTests.swift in Sources */,
			);
			runOnlyForDeploymentPostprocessing = 0;
		};
		2032EC821EC48BF8006B69D2 /* Sources */ = {
			isa = PBXSourcesBuildPhase;
			buildActionMask = 2147483647;
			files = (
				2032EC8B1EC48BF8006B69D2 /* TestUITests.swift in Sources */,
			);
			runOnlyForDeploymentPostprocessing = 0;
		};
/* End PBXSourcesBuildPhase section */

/* Begin PBXTargetDependency section */
		2032EC7D1EC48BF8006B69D2 /* PBXTargetDependency */ = {
			isa = PBXTargetDependency;
			target = 2032EC621EC48BF8006B69D2 /* Test */;
			targetProxy = 2032EC7C1EC48BF8006B69D2 /* PBXContainerItemProxy */;
		};
		2032EC881EC48BF8006B69D2 /* PBXTargetDependency */ = {
			isa = PBXTargetDependency;
			target = 2032EC621EC48BF8006B69D2 /* Test */;
			targetProxy = 2032EC871EC48BF8006B69D2 /* PBXContainerItemProxy */;
		};
/* End PBXTargetDependency section */

/* Begin PBXVariantGroup section */
		2032EC6E1EC48BF8006B69D2 /* Main.storyboard */ = {
			isa = PBXVariantGroup;
			children = (
				2032EC6F1EC48BF8006B69D2 /* Base */,
			);
			name = Main.storyboard;
			sourceTree = "<group>";
		};
		2032EC731EC48BF8006B69D2 /* LaunchScreen.storyboard */ = {
			isa = PBXVariantGroup;
			children = (
				2032EC741EC48BF8006B69D2 /* Base */,
			);
			name = LaunchScreen.storyboard;
			sourceTree = "<group>";
		};
/* End PBXVariantGroup section */

/* Begin XCBuildConfiguration section */
		2032EC8D1EC48BF8006B69D2 /* Debug */ = {
			isa = XCBuildConfiguration;
			buildSettings = {
				ALWAYS_SEARCH_USER_PATHS = NO;
				CLANG_ANALYZER_NONNULL = YES;
				CLANG_ANALYZER_NUMBER_OBJECT_CONVERSION = YES_AGGRESSIVE;
				CLANG_CXX_LANGUAGE_STANDARD = "gnu++0x";
				CLANG_CXX_LIBRARY = "libc++";
				CLANG_ENABLE_MODULES = YES;
				CLANG_ENABLE_OBJC_ARC = YES;
				CLANG_WARN_BOOL_CONVERSION = YES;
				CLANG_WARN_CONSTANT_CONVERSION = YES;
				CLANG_WARN_DIRECT_OBJC_ISA_USAGE = YES_ERROR;
				CLANG_WARN_DOCUMENTATION_COMMENTS = YES;
				CLANG_WARN_EMPTY_BODY = YES;
				CLANG_WARN_ENUM_CONVERSION = YES;
				CLANG_WARN_INFINITE_RECURSION = YES;
				CLANG_WARN_INT_CONVERSION = YES;
				CLANG_WARN_OBJC_ROOT_CLASS = YES_ERROR;
				CLANG_WARN_SUSPICIOUS_MOVE = YES;
				CLANG_WARN_UNREACHABLE_CODE = YES;
				CLANG_WARN__DUPLICATE_METHOD_MATCH = YES;
				"CODE_SIGN_IDENTITY[sdk=iphoneos*]" = "iPhone Developer";
				COPY_PHASE_STRIP = NO;
				DEBUG_INFORMATION_FORMAT = dwarf;
				ENABLE_STRICT_OBJC_MSGSEND = YES;
				ENABLE_TESTABILITY = YES;
				GCC_C_LANGUAGE_STANDARD = gnu99;
				GCC_DYNAMIC_NO_PIC = NO;
				GCC_NO_COMMON_BLOCKS = YES;
				GCC_OPTIMIZATION_LEVEL = 0;
				GCC_PREPROCESSOR_DEFINITIONS = (
					"DEBUG=1",
					"$(inherited)",
				);
				GCC_WARN_64_TO_32_BIT_CONVERSION = YES;
				GCC_WARN_ABOUT_RETURN_TYPE = YES_ERROR;
				GCC_WARN_UNDECLARED_SELECTOR = YES;
				GCC_WARN_UNINITIALIZED_AUTOS = YES_AGGRESSIVE;
				GCC_WARN_UNUSED_FUNCTION = YES;
				GCC_WARN_UNUSED_VARIABLE = YES;
				IPHONEOS_DEPLOYMENT_TARGET = 10.3;
				MTL_ENABLE_DEBUG_INFO = YES;
				ONLY_ACTIVE_ARCH = YES;
				SDKROOT = iphoneos;
				SWIFT_ACTIVE_COMPILATION_CONDITIONS = DEBUG;
				SWIFT_OPTIMIZATION_LEVEL = "-Onone";
				TARGETED_DEVICE_FAMILY = "1,2";
			};
			name = Debug;
		};
		2032EC8E1EC48BF8006B69D2 /* Release */ = {
			isa = XCBuildConfiguration;
			buildSettings = {
				ALWAYS_SEARCH_USER_PATHS = NO;
				CLANG_ANALYZER_NONNULL = YES;
				CLANG_ANALYZER_NUMBER_OBJECT_CONVERSION = YES_AGGRESSIVE;
				CLANG_CXX_LANGUAGE_STANDARD = "gnu++0x";
				CLANG_CXX_LIBRARY = "libc++";
				CLANG_ENABLE_MODULES = YES;
				CLANG_ENABLE_OBJC_ARC = YES;
				CLANG_WARN_BOOL_CONVERSION = YES;
				CLANG_WARN_CONSTANT_CONVERSION = YES;
				CLANG_WARN_DIRECT_OBJC_ISA_USAGE = YES_ERROR;
				CLANG_WARN_DOCUMENTATION_COMMENTS = YES;
				CLANG_WARN_EMPTY_BODY = YES;
				CLANG_WARN_ENUM_CONVERSION = YES;
				CLANG_WARN_INFINITE_RECURSION = YES;
				CLANG_WARN_INT_CONVERSION = YES;
				CLANG_WARN_OBJC_ROOT_CLASS = YES_ERROR;
				CLANG_WARN_SUSPICIOUS_MOVE = YES;
				CLANG_WARN_UNREACHABLE_CODE = YES;
				CLANG_WARN__DUPLICATE_METHOD_MATCH = YES;
				"CODE_SIGN_IDENTITY[sdk=iphoneos*]" = "iPhone Developer";
				COPY_PHASE_STRIP = NO;
				DEBUG_INFORMATION_FORMAT = "dwarf-with-dsym";
				ENABLE_NS_ASSERTIONS = NO;
				ENABLE_STRICT_OBJC_MSGSEND = YES;
				GCC_C_LANGUAGE_STANDARD = gnu99;
				GCC_NO_COMMON_BLOCKS = YES;
				GCC_WARN_64_TO_32_BIT_CONVERSION = YES;
				GCC_WARN_ABOUT_RETURN_TYPE = YES_ERROR;
				GCC_WARN_UNDECLARED_SELECTOR = YES;
				GCC_WARN_UNINITIALIZED_AUTOS = YES_AGGRESSIVE;
				GCC_WARN_UNUSED_FUNCTION = YES;
				GCC_WARN_UNUSED_VARIABLE = YES;
				IPHONEOS_DEPLOYMENT_TARGET = 10.3;
				MTL_ENABLE_DEBUG_INFO = NO;
				SDKROOT = iphoneos;
				SWIFT_OPTIMIZATION_LEVEL = "-Owholemodule";
				TARGETED_DEVICE_FAMILY = "1,2";
				VALIDATE_PRODUCT = YES;
			};
			name = Release;
		};
		2032EC901EC48BF8006B69D2 /* Debug */ = {
			isa = XCBuildConfiguration;
			buildSettings = {
				ASSETCATALOG_COMPILER_APPICON_NAME = AppIcon;
				INFOPLIST_FILE = Test/Info.plist;
				LD_RUNPATH_SEARCH_PATHS = "$(inherited) @executable_path/Frameworks";
				PRODUCT_BUNDLE_IDENTIFIER = "New-hit.Test";
				PRODUCT_NAME = "$(TARGET_NAME)";
				SWIFT_VERSION = 3.0;
			};
			name = Debug;
		};
		2032EC911EC48BF8006B69D2 /* Release */ = {
			isa = XCBuildConfiguration;
			buildSettings = {
				ASSETCATALOG_COMPILER_APPICON_NAME = AppIcon;
				INFOPLIST_FILE = Test/Info.plist;
				LD_RUNPATH_SEARCH_PATHS = "$(inherited) @executable_path/Frameworks";
				PRODUCT_BUNDLE_IDENTIFIER = "New-hit.Test";
				PRODUCT_NAME = "$(TARGET_NAME)";
				SWIFT_VERSION = 3.0;
			};
			name = Release;
		};
		2032EC931EC48BF8006B69D2 /* Debug */ = {
			isa = XCBuildConfiguration;
			buildSettings = {
				ALWAYS_EMBED_SWIFT_STANDARD_LIBRARIES = YES;
				BUNDLE_LOADER = "$(TEST_HOST)";
				INFOPLIST_FILE = TestTests/Info.plist;
				LD_RUNPATH_SEARCH_PATHS = "$(inherited) @executable_path/Frameworks @loader_path/Frameworks";
				PRODUCT_BUNDLE_IDENTIFIER = "New-hit.TestTests";
				PRODUCT_NAME = "$(TARGET_NAME)";
				SWIFT_VERSION = 3.0;
				TEST_HOST = "$(BUILT_PRODUCTS_DIR)/Test.app/Test";
			};
			name = Debug;
		};
		2032EC941EC48BF8006B69D2 /* Release */ = {
			isa = XCBuildConfiguration;
			buildSettings = {
				ALWAYS_EMBED_SWIFT_STANDARD_LIBRARIES = YES;
				BUNDLE_LOADER = "$(TEST_HOST)";
				INFOPLIST_FILE = TestTests/Info.plist;
				LD_RUNPATH_SEARCH_PATHS = "$(inherited) @executable_path/Frameworks @loader_path/Frameworks";
				PRODUCT_BUNDLE_IDENTIFIER = "New-hit.TestTests";
				PRODUCT_NAME = "$(TARGET_NAME)";
				SWIFT_VERSION = 3.0;
				TEST_HOST = "$(BUILT_PRODUCTS_DIR)/Test.app/Test";
			};
			name = Release;
		};
		2032EC961EC48BF8006B69D2 /* Debug */ = {
			isa = XCBuildConfiguration;
			buildSettings = {
				ALWAYS_EMBED_SWIFT_STANDARD_LIBRARIES = YES;
				INFOPLIST_FILE = TestUITests/Info.plist;
				LD_RUNPATH_SEARCH_PATHS = "$(inherited) @executable_path/Frameworks @loader_path/Frameworks";
				PRODUCT_BUNDLE_IDENTIFIER = "New-hit.TestUITests";
				PRODUCT_NAME = "$(TARGET_NAME)";
				SWIFT_VERSION = 3.0;
				TEST_TARGET_NAME = Test;
			};
			name = Debug;
		};
		2032EC971EC48BF8006B69D2 /* Release */ = {
			isa = XCBuildConfiguration;
			buildSettings = {
				ALWAYS_EMBED_SWIFT_STANDARD_LIBRARIES = YES;
				INFOPLIST_FILE = TestUITests/Info.plist;
				LD_RUNPATH_SEARCH_PATHS = "$(inherited) @executable_path/Frameworks @loader_path/Frameworks";
				PRODUCT_BUNDLE_IDENTIFIER = "New-hit.TestUITests";
				PRODUCT_NAME = "$(TARGET_NAME)";
				SWIFT_VERSION = 3.0;
				TEST_TARGET_NAME = Test;
			};
			name = Release;
		};
/* End XCBuildConfiguration section */

/* Begin XCConfigurationList section */
		2032EC5E1EC48BF8006B69D2 /* Build configuration list for PBXProject "Test" */ = {
			isa = XCConfigurationList;
			buildConfigurations = (
				2032EC8D1EC48BF8006B69D2 /* Debug */,
				2032EC8E1EC48BF8006B69D2 /* Release */,
			);
			defaultConfigurationIsVisible = 0;
			defaultConfigurationName = Release;
		};
		2032EC8F1EC48BF8006B69D2 /* Build configuration list for PBXNativeTarget "Test" */ = {
			isa = XCConfigurationList;
			buildConfigurations = (
				2032EC901EC48BF8006B69D2 /* Debug */,
				2032EC911EC48BF8006B69D2 /* Release */,
			);
			defaultConfigurationIsVisible = 0;
		};
		2032EC921EC48BF8006B69D2 /* Build configuration list for PBXNativeTarget "TestTests" */ = {
			isa = XCConfigurationList;
			buildConfigurations = (
				2032EC931EC48BF8006B69D2 /* Debug */,
				2032EC941EC48BF8006B69D2 /* Release */,
			);
			defaultConfigurationIsVisible = 0;
		};
		2032EC951EC48BF8006B69D2 /* Build configuration list for PBXNativeTarget "TestUITests" */ = {
			isa = XCConfigurationList;
			buildConfigurations = (
				2032EC961EC48BF8006B69D2 /* Debug */,
				2032EC971EC48BF8006B69D2 /* Release */,
			);
			defaultConfigurationIsVisible = 0;
		};
/* End XCConfigurationList section */
	};
	rootObject = 2032EC5B1EC48BF8006B69D2 /* Project object */;
}
